{
  "name": "altitudeready-app",
  "version": "1.0.0",
  "lockfileVersion": 3,
  "requires": true,
  "packages": {
    "": {
      "name": "altitudeready-app",
      "version": "1.0.0",
      "dependencies": {
        "next": "14.0.0",
        "react": "18.2.0",
        "react-dom": "18.2.0"
      }
    },
    "node_modules/next": {
      "version": "14.0.0",
      "resolved": "https://registry.npmjs.org/next/-/next-14.0.0.tgz"
    },
    "node_modules/react": {
      "version": "18.2.0",
      "resolved": "https://registry.npmjs.org/react/-/react-18.2.0.tgz"
    },
    "node_modules/react-dom": {
      "version": "18.2.0",
      "resolved": "https://registry.npmjs.org/react-dom/-/react-dom-18.2.0.tgz",
      "peerDependencies": {
        "react": "^18.2.0"
      }
    }
  }
}
